
Microsoft Visual Studio Solution File, Format Version 12.00
# Visual Studio Version 17
VisualStudioVersion = 17.5.002.0
MinimumVisualStudioVersion = 10.0.40219.1
Project("{9A19103F-16F7-4668-BE54-9A1E7A4F7556}") = "BeberapaSyntax", "BeberapaSyntax.csproj", "{CEF75E3A-FD2D-4F9F-B7FF-02CE29272CAE}"
EndProject
Global
	GlobalSection(SolutionConfigurationPlatforms) = preSolution
		Debug|Any CPU = Debug|Any CPU
		Release|Any CPU = Release|Any CPU
	EndGlobalSection
	GlobalSection(ProjectConfigurationPlatforms) = postSolution
		{CEF75E3A-FD2D-4F9F-B7FF-02CE29272CAE}.Debug|Any CPU.ActiveCfg = Debug|Any CPU
		{CEF75E3A-FD2D-4F9F-B7FF-02CE29272CAE}.Debug|Any CPU.Build.0 = Debug|Any CPU
		{CEF75E3A-FD2D-4F9F-B7FF-02CE29272CAE}.Release|Any CPU.ActiveCfg = Release|Any CPU
		{CEF75E3A-FD2D-4F9F-B7FF-02CE29272CAE}.Release|Any CPU.Build.0 = Release|Any CPU
	EndGlobalSection
	GlobalSection(SolutionProperties) = preSolution
		HideSolutionNode = FALSE
	EndGlobalSection
	GlobalSection(ExtensibilityGlobals) = postSolution
		SolutionGuid = {2D1677ED-6BB2-4B37-8488-FB4331E929CA}
	EndGlobalSection
EndGlobal
